
Microsoft Visual Studio Solution File, Format Version 12.00
Project("{FAE04EC0-301F-11D3-BF4B-00C04F79EFBC}") = "Fang", "Fang\Fang.csproj", "{33C4DC7A-7DAB-443B-A7ED-E4C5CF0B7440}"
EndProject
Project("{FAE04EC0-301F-11D3-BF4B-00C04F79EFBC}") = "DecryptFilelist", "DecryptFilelist\DecryptFilelist.csproj", "{1AD31151-41E3-44CE-B5A0-44F7A254230B}"
EndProject
Global
	GlobalSection(SolutionConfigurationPlatforms) = preSolution
		Debug|Any CPU = Debug|Any CPU
		Release|Any CPU = Release|Any CPU
	EndGlobalSection
	GlobalSection(ProjectConfigurationPlatforms) = postSolution
		{33C4DC7A-7DAB-443B-A7ED-E4C5CF0B7440}.Debug|Any CPU.ActiveCfg = Debug|Any CPU
		{33C4DC7A-7DAB-443B-A7ED-E4C5CF0B7440}.Debug|Any CPU.Build.0 = Debug|Any CPU
		{33C4DC7A-7DAB-443B-A7ED-E4C5CF0B7440}.Release|Any CPU.ActiveCfg = Release|Any CPU
		{33C4DC7A-7DAB-443B-A7ED-E4C5CF0B7440}.Release|Any CPU.Build.0 = Release|Any CPU
		{1AD31151-41E3-44CE-B5A0-44F7A254230B}.Debug|Any CPU.ActiveCfg = Debug|Any CPU
		{1AD31151-41E3-44CE-B5A0-44F7A254230B}.Debug|Any CPU.Build.0 = Debug|Any CPU
		{1AD31151-41E3-44CE-B5A0-44F7A254230B}.Release|Any CPU.ActiveCfg = Release|Any CPU
		{1AD31151-41E3-44CE-B5A0-44F7A254230B}.Release|Any CPU.Build.0 = Release|Any CPU
	EndGlobalSection
EndGlobal
